
Microsoft Visual Studio Solution File, Format Version 12.00
# Visual Studio Version 16
VisualStudioVersion = 16.0.29230.47
MinimumVisualStudioVersion = 10.0.40219.1
Project("{FAE04EC0-301F-11D3-BF4B-00C04F79EFBC}") = "PA Toggle Colors", "PA Toggle Colors.csproj", "{FD412803-82DD-4B42-9086-38F318A60B85}"
EndProject
Global
	GlobalSection(SolutionConfigurationPlatforms) = preSolution
		Debug|Any CPU = Debug|Any CPU
		Release|Any CPU = Release|Any CPU
	EndGlobalSection
	GlobalSection(ProjectConfigurationPlatforms) = postSolution
		{FD412803-82DD-4B42-9086-38F318A60B85}.Debug|Any CPU.ActiveCfg = Debug|Any CPU
		{FD412803-82DD-4B42-9086-38F318A60B85}.Debug|Any CPU.Build.0 = Debug|Any CPU
		{FD412803-82DD-4B42-9086-38F318A60B85}.Release|Any CPU.ActiveCfg = Release|Any CPU
		{FD412803-82DD-4B42-9086-38F318A60B85}.Release|Any CPU.Build.0 = Release|Any CPU
	EndGlobalSection
	GlobalSection(SolutionProperties) = preSolution
		HideSolutionNode = FALSE
	EndGlobalSection
	GlobalSection(ExtensibilityGlobals) = postSolution
		SolutionGuid = {80711BD0-9BE1-412E-984D-CAD7B42381E5}
	EndGlobalSection
EndGlobal
