
Microsoft Visual Studio Solution File, Format Version 12.00
# Visual Studio Version 16
VisualStudioVersion = 16.0.29230.47
MinimumVisualStudioVersion = 10.0.40219.1
Project("{FAE04EC0-301F-11D3-BF4B-00C04F79EFBC}") = "ForWhileDowhileLoops", "ForWhileDowhileLoops.csproj", "{C3C5B1F4-57F9-4E6E-9760-B35E22181083}"
EndProject
Global
	GlobalSection(SolutionConfigurationPlatforms) = preSolution
		Debug|Any CPU = Debug|Any CPU
		Release|Any CPU = Release|Any CPU
	EndGlobalSection
	GlobalSection(ProjectConfigurationPlatforms) = postSolution
		{C3C5B1F4-57F9-4E6E-9760-B35E22181083}.Debug|Any CPU.ActiveCfg = Debug|Any CPU
		{C3C5B1F4-57F9-4E6E-9760-B35E22181083}.Debug|Any CPU.Build.0 = Debug|Any CPU
		{C3C5B1F4-57F9-4E6E-9760-B35E22181083}.Release|Any CPU.ActiveCfg = Release|Any CPU
		{C3C5B1F4-57F9-4E6E-9760-B35E22181083}.Release|Any CPU.Build.0 = Release|Any CPU
	EndGlobalSection
	GlobalSection(SolutionProperties) = preSolution
		HideSolutionNode = FALSE
	EndGlobalSection
	GlobalSection(ExtensibilityGlobals) = postSolution
		SolutionGuid = {F3F020C4-CCDC-4390-81E2-38A1FCB03684}
	EndGlobalSection
EndGlobal
