
Microsoft Visual Studio Solution File, Format Version 12.00
# Visual Studio Version 16
VisualStudioVersion = 16.0.29230.47
MinimumVisualStudioVersion = 10.0.40219.1
Project("{FAE04EC0-301F-11D3-BF4B-00C04F79EFBC}") = "Functions and Reusability", "Functions and Reusability.csproj", "{1DCD1D95-775E-4A63-913A-F2471999EDD6}"
EndProject
Global
	GlobalSection(SolutionConfigurationPlatforms) = preSolution
		Debug|Any CPU = Debug|Any CPU
		Release|Any CPU = Release|Any CPU
	EndGlobalSection
	GlobalSection(ProjectConfigurationPlatforms) = postSolution
		{1DCD1D95-775E-4A63-913A-F2471999EDD6}.Debug|Any CPU.ActiveCfg = Debug|Any CPU
		{1DCD1D95-775E-4A63-913A-F2471999EDD6}.Debug|Any CPU.Build.0 = Debug|Any CPU
		{1DCD1D95-775E-4A63-913A-F2471999EDD6}.Release|Any CPU.ActiveCfg = Release|Any CPU
		{1DCD1D95-775E-4A63-913A-F2471999EDD6}.Release|Any CPU.Build.0 = Release|Any CPU
	EndGlobalSection
	GlobalSection(SolutionProperties) = preSolution
		HideSolutionNode = FALSE
	EndGlobalSection
	GlobalSection(ExtensibilityGlobals) = postSolution
		SolutionGuid = {D85A3592-7C19-4910-9772-E72FD02B943E}
	EndGlobalSection
EndGlobal
