
Microsoft Visual Studio Solution File, Format Version 12.00
# Visual Studio Version 16
VisualStudioVersion = 16.0.29230.47
MinimumVisualStudioVersion = 10.0.40219.1
Project("{FAE04EC0-301F-11D3-BF4B-00C04F79EFBC}") = "WindowsFormsApp4", "WindowsFormsApp4.csproj", "{918BC198-37A3-4F36-AAD2-24890D1ECE4F}"
EndProject
Global
	GlobalSection(SolutionConfigurationPlatforms) = preSolution
		Debug|Any CPU = Debug|Any CPU
		Release|Any CPU = Release|Any CPU
	EndGlobalSection
	GlobalSection(ProjectConfigurationPlatforms) = postSolution
		{918BC198-37A3-4F36-AAD2-24890D1ECE4F}.Debug|Any CPU.ActiveCfg = Debug|Any CPU
		{918BC198-37A3-4F36-AAD2-24890D1ECE4F}.Debug|Any CPU.Build.0 = Debug|Any CPU
		{918BC198-37A3-4F36-AAD2-24890D1ECE4F}.Release|Any CPU.ActiveCfg = Release|Any CPU
		{918BC198-37A3-4F36-AAD2-24890D1ECE4F}.Release|Any CPU.Build.0 = Release|Any CPU
	EndGlobalSection
	GlobalSection(SolutionProperties) = preSolution
		HideSolutionNode = FALSE
	EndGlobalSection
	GlobalSection(ExtensibilityGlobals) = postSolution
		SolutionGuid = {EC9AE65D-0C6C-4F70-ACAD-8C88467BE22E}
	EndGlobalSection
EndGlobal
