
Microsoft Visual Studio Solution File, Format Version 12.00
# Visual Studio Version 16
VisualStudioVersion = 16.0.29230.47
MinimumVisualStudioVersion = 10.0.40219.1
Project("{FAE04EC0-301F-11D3-BF4B-00C04F79EFBC}") = "WindowsFormsApp3", "WindowsFormsApp3.csproj", "{0CE03771-5EAA-49B8-89DF-E17EF00ADA3A}"
EndProject
Global
	GlobalSection(SolutionConfigurationPlatforms) = preSolution
		Debug|Any CPU = Debug|Any CPU
		Release|Any CPU = Release|Any CPU
	EndGlobalSection
	GlobalSection(ProjectConfigurationPlatforms) = postSolution
		{0CE03771-5EAA-49B8-89DF-E17EF00ADA3A}.Debug|Any CPU.ActiveCfg = Debug|Any CPU
		{0CE03771-5EAA-49B8-89DF-E17EF00ADA3A}.Debug|Any CPU.Build.0 = Debug|Any CPU
		{0CE03771-5EAA-49B8-89DF-E17EF00ADA3A}.Release|Any CPU.ActiveCfg = Release|Any CPU
		{0CE03771-5EAA-49B8-89DF-E17EF00ADA3A}.Release|Any CPU.Build.0 = Release|Any CPU
	EndGlobalSection
	GlobalSection(SolutionProperties) = preSolution
		HideSolutionNode = FALSE
	EndGlobalSection
	GlobalSection(ExtensibilityGlobals) = postSolution
		SolutionGuid = {1C7668D2-D7C2-4D10-9E15-BA5C3E2D2E96}
	EndGlobalSection
EndGlobal
