
Microsoft Visual Studio Solution File, Format Version 12.00
# Visual Studio Version 16
VisualStudioVersion = 16.0.29215.179
MinimumVisualStudioVersion = 10.0.40219.1
Project("{FAE04EC0-301F-11D3-BF4B-00C04F79EFBC}") = "WindowsFormsApp1", "WindowsFormsApp1.csproj", "{24D1D8E9-5A2C-4BF9-AECA-35A01F2D5CCA}"
EndProject
Global
	GlobalSection(SolutionConfigurationPlatforms) = preSolution
		Debug|Any CPU = Debug|Any CPU
		Release|Any CPU = Release|Any CPU
	EndGlobalSection
	GlobalSection(ProjectConfigurationPlatforms) = postSolution
		{24D1D8E9-5A2C-4BF9-AECA-35A01F2D5CCA}.Debug|Any CPU.ActiveCfg = Debug|Any CPU
		{24D1D8E9-5A2C-4BF9-AECA-35A01F2D5CCA}.Debug|Any CPU.Build.0 = Debug|Any CPU
		{24D1D8E9-5A2C-4BF9-AECA-35A01F2D5CCA}.Release|Any CPU.ActiveCfg = Release|Any CPU
		{24D1D8E9-5A2C-4BF9-AECA-35A01F2D5CCA}.Release|Any CPU.Build.0 = Release|Any CPU
	EndGlobalSection
	GlobalSection(SolutionProperties) = preSolution
		HideSolutionNode = FALSE
	EndGlobalSection
	GlobalSection(ExtensibilityGlobals) = postSolution
		SolutionGuid = {EB30892D-0AC0-46F6-A8C2-DDD8FA906A8E}
	EndGlobalSection
EndGlobal
