
Microsoft Visual Studio Solution File, Format Version 12.00
# Visual Studio Version 16
VisualStudioVersion = 16.0.29230.47
MinimumVisualStudioVersion = 10.0.40219.1
Project("{FAE04EC0-301F-11D3-BF4B-00C04F79EFBC}") = "BMI CALC", "BMI CALC.csproj", "{183C4DDB-FCE3-478A-A545-0599649C0FF6}"
EndProject
Global
	GlobalSection(SolutionConfigurationPlatforms) = preSolution
		Debug|Any CPU = Debug|Any CPU
		Release|Any CPU = Release|Any CPU
	EndGlobalSection
	GlobalSection(ProjectConfigurationPlatforms) = postSolution
		{183C4DDB-FCE3-478A-A545-0599649C0FF6}.Debug|Any CPU.ActiveCfg = Debug|Any CPU
		{183C4DDB-FCE3-478A-A545-0599649C0FF6}.Debug|Any CPU.Build.0 = Debug|Any CPU
		{183C4DDB-FCE3-478A-A545-0599649C0FF6}.Release|Any CPU.ActiveCfg = Release|Any CPU
		{183C4DDB-FCE3-478A-A545-0599649C0FF6}.Release|Any CPU.Build.0 = Release|Any CPU
	EndGlobalSection
	GlobalSection(SolutionProperties) = preSolution
		HideSolutionNode = FALSE
	EndGlobalSection
	GlobalSection(ExtensibilityGlobals) = postSolution
		SolutionGuid = {E80575BB-0A4B-4ABF-BC89-B0618E3B4252}
	EndGlobalSection
EndGlobal
