
Microsoft Visual Studio Solution File, Format Version 12.00
# Visual Studio Version 16
VisualStudioVersion = 16.0.29230.47
MinimumVisualStudioVersion = 10.0.40219.1
Project("{FAE04EC0-301F-11D3-BF4B-00C04F79EFBC}") = "PA Toggle Colors Extended", "PA Toggle Colors Extended.csproj", "{ECB4580D-2BFA-4546-A0BB-73DAB002FB2B}"
EndProject
Global
	GlobalSection(SolutionConfigurationPlatforms) = preSolution
		Debug|Any CPU = Debug|Any CPU
		Release|Any CPU = Release|Any CPU
	EndGlobalSection
	GlobalSection(ProjectConfigurationPlatforms) = postSolution
		{ECB4580D-2BFA-4546-A0BB-73DAB002FB2B}.Debug|Any CPU.ActiveCfg = Debug|Any CPU
		{ECB4580D-2BFA-4546-A0BB-73DAB002FB2B}.Debug|Any CPU.Build.0 = Debug|Any CPU
		{ECB4580D-2BFA-4546-A0BB-73DAB002FB2B}.Release|Any CPU.ActiveCfg = Release|Any CPU
		{ECB4580D-2BFA-4546-A0BB-73DAB002FB2B}.Release|Any CPU.Build.0 = Release|Any CPU
	EndGlobalSection
	GlobalSection(SolutionProperties) = preSolution
		HideSolutionNode = FALSE
	EndGlobalSection
	GlobalSection(ExtensibilityGlobals) = postSolution
		SolutionGuid = {1D3124A1-A5B1-4009-8A96-5FB9A111255F}
	EndGlobalSection
EndGlobal
