
Microsoft Visual Studio Solution File, Format Version 12.00
# Visual Studio Version 16
VisualStudioVersion = 16.0.28803.202
MinimumVisualStudioVersion = 10.0.40219.1
Project("{FAE04EC0-301F-11D3-BF4B-00C04F79EFBC}") = "IPProject", "IPProject\IPProject.csproj", "{16A3FA7A-09AB-4320-9D49-773E7040188C}"
EndProject
Global
	GlobalSection(SolutionConfigurationPlatforms) = preSolution
		Debug|Any CPU = Debug|Any CPU
		Release|Any CPU = Release|Any CPU
	EndGlobalSection
	GlobalSection(ProjectConfigurationPlatforms) = postSolution
		{16A3FA7A-09AB-4320-9D49-773E7040188C}.Debug|Any CPU.ActiveCfg = Debug|Any CPU
		{16A3FA7A-09AB-4320-9D49-773E7040188C}.Debug|Any CPU.Build.0 = Debug|Any CPU
		{16A3FA7A-09AB-4320-9D49-773E7040188C}.Release|Any CPU.ActiveCfg = Release|Any CPU
		{16A3FA7A-09AB-4320-9D49-773E7040188C}.Release|Any CPU.Build.0 = Release|Any CPU
	EndGlobalSection
	GlobalSection(SolutionProperties) = preSolution
		HideSolutionNode = FALSE
	EndGlobalSection
	GlobalSection(ExtensibilityGlobals) = postSolution
		SolutionGuid = {53EDF062-961F-4124-B99F-4DAA0E28D9BA}
	EndGlobalSection
EndGlobal
