
Microsoft Visual Studio Solution File, Format Version 12.00
# Visual Studio Version 16
VisualStudioVersion = 16.0.29215.179
MinimumVisualStudioVersion = 10.0.40219.1
Project("{FAE04EC0-301F-11D3-BF4B-00C04F79EFBC}") = "Who am I", "..\Who am I.csproj", "{658D658F-12F6-45A4-A1AF-E8E2AABE84B9}"
EndProject
Project("{FAE04EC0-301F-11D3-BF4B-00C04F79EFBC}") = "Truck Management", "..\Truck Management\Truck Management.csproj", "{15FA6FB8-79AC-44BE-91BD-3040929F6C9D}"
EndProject
Project("{FAE04EC0-301F-11D3-BF4B-00C04F79EFBC}") = "WindowsFormsApp1", "..\..\WindowsFormsApp1\WindowsFormsApp1.csproj", "{24D1D8E9-5A2C-4BF9-AECA-35A01F2D5CCA}"
EndProject
Global
	GlobalSection(SolutionConfigurationPlatforms) = preSolution
		Debug|Any CPU = Debug|Any CPU
		Release|Any CPU = Release|Any CPU
	EndGlobalSection
	GlobalSection(ProjectConfigurationPlatforms) = postSolution
		{658D658F-12F6-45A4-A1AF-E8E2AABE84B9}.Debug|Any CPU.ActiveCfg = Debug|Any CPU
		{658D658F-12F6-45A4-A1AF-E8E2AABE84B9}.Debug|Any CPU.Build.0 = Debug|Any CPU
		{658D658F-12F6-45A4-A1AF-E8E2AABE84B9}.Release|Any CPU.ActiveCfg = Release|Any CPU
		{658D658F-12F6-45A4-A1AF-E8E2AABE84B9}.Release|Any CPU.Build.0 = Release|Any CPU
		{15FA6FB8-79AC-44BE-91BD-3040929F6C9D}.Debug|Any CPU.ActiveCfg = Debug|Any CPU
		{15FA6FB8-79AC-44BE-91BD-3040929F6C9D}.Debug|Any CPU.Build.0 = Debug|Any CPU
		{15FA6FB8-79AC-44BE-91BD-3040929F6C9D}.Release|Any CPU.ActiveCfg = Release|Any CPU
		{15FA6FB8-79AC-44BE-91BD-3040929F6C9D}.Release|Any CPU.Build.0 = Release|Any CPU
		{24D1D8E9-5A2C-4BF9-AECA-35A01F2D5CCA}.Debug|Any CPU.ActiveCfg = Debug|Any CPU
		{24D1D8E9-5A2C-4BF9-AECA-35A01F2D5CCA}.Debug|Any CPU.Build.0 = Debug|Any CPU
		{24D1D8E9-5A2C-4BF9-AECA-35A01F2D5CCA}.Release|Any CPU.ActiveCfg = Release|Any CPU
		{24D1D8E9-5A2C-4BF9-AECA-35A01F2D5CCA}.Release|Any CPU.Build.0 = Release|Any CPU
	EndGlobalSection
	GlobalSection(SolutionProperties) = preSolution
		HideSolutionNode = FALSE
	EndGlobalSection
	GlobalSection(ExtensibilityGlobals) = postSolution
		SolutionGuid = {5D5C52FD-4C7D-4ABC-8AB8-FD96B0B8AA06}
	EndGlobalSection
EndGlobal
