
Microsoft Visual Studio Solution File, Format Version 12.00
# Visual Studio Version 16
VisualStudioVersion = 16.0.29230.47
MinimumVisualStudioVersion = 10.0.40219.1
Project("{FAE04EC0-301F-11D3-BF4B-00C04F79EFBC}") = "Dev Challenge", "Dev Challenge.csproj", "{625B5895-DBAA-44B0-A8D0-337D051ED49F}"
EndProject
Project("{8BC9CEB8-8B4A-11D0-8D11-00A0C91BC942}") = "LOngest path code from internet", "..\LOngest path code from internet\LOngest path code from internet.vcxproj", "{015A7B18-4E63-42AC-871B-AB431AEA6DDF}"
EndProject
Global
	GlobalSection(SolutionConfigurationPlatforms) = preSolution
		Debug|Any CPU = Debug|Any CPU
		Debug|x64 = Debug|x64
		Debug|x86 = Debug|x86
		Release|Any CPU = Release|Any CPU
		Release|x64 = Release|x64
		Release|x86 = Release|x86
	EndGlobalSection
	GlobalSection(ProjectConfigurationPlatforms) = postSolution
		{625B5895-DBAA-44B0-A8D0-337D051ED49F}.Debug|Any CPU.ActiveCfg = Debug|Any CPU
		{625B5895-DBAA-44B0-A8D0-337D051ED49F}.Debug|Any CPU.Build.0 = Debug|Any CPU
		{625B5895-DBAA-44B0-A8D0-337D051ED49F}.Debug|x64.ActiveCfg = Debug|Any CPU
		{625B5895-DBAA-44B0-A8D0-337D051ED49F}.Debug|x64.Build.0 = Debug|Any CPU
		{625B5895-DBAA-44B0-A8D0-337D051ED49F}.Debug|x86.ActiveCfg = Debug|Any CPU
		{625B5895-DBAA-44B0-A8D0-337D051ED49F}.Debug|x86.Build.0 = Debug|Any CPU
		{625B5895-DBAA-44B0-A8D0-337D051ED49F}.Release|Any CPU.ActiveCfg = Release|Any CPU
		{625B5895-DBAA-44B0-A8D0-337D051ED49F}.Release|Any CPU.Build.0 = Release|Any CPU
		{625B5895-DBAA-44B0-A8D0-337D051ED49F}.Release|x64.ActiveCfg = Release|Any CPU
		{625B5895-DBAA-44B0-A8D0-337D051ED49F}.Release|x64.Build.0 = Release|Any CPU
		{625B5895-DBAA-44B0-A8D0-337D051ED49F}.Release|x86.ActiveCfg = Release|Any CPU
		{625B5895-DBAA-44B0-A8D0-337D051ED49F}.Release|x86.Build.0 = Release|Any CPU
		{015A7B18-4E63-42AC-871B-AB431AEA6DDF}.Debug|Any CPU.ActiveCfg = Debug|Win32
		{015A7B18-4E63-42AC-871B-AB431AEA6DDF}.Debug|x64.ActiveCfg = Debug|x64
		{015A7B18-4E63-42AC-871B-AB431AEA6DDF}.Debug|x64.Build.0 = Debug|x64
		{015A7B18-4E63-42AC-871B-AB431AEA6DDF}.Debug|x86.ActiveCfg = Debug|Win32
		{015A7B18-4E63-42AC-871B-AB431AEA6DDF}.Debug|x86.Build.0 = Debug|Win32
		{015A7B18-4E63-42AC-871B-AB431AEA6DDF}.Release|Any CPU.ActiveCfg = Release|Win32
		{015A7B18-4E63-42AC-871B-AB431AEA6DDF}.Release|x64.ActiveCfg = Release|x64
		{015A7B18-4E63-42AC-871B-AB431AEA6DDF}.Release|x64.Build.0 = Release|x64
		{015A7B18-4E63-42AC-871B-AB431AEA6DDF}.Release|x86.ActiveCfg = Release|Win32
		{015A7B18-4E63-42AC-871B-AB431AEA6DDF}.Release|x86.Build.0 = Release|Win32
	EndGlobalSection
	GlobalSection(SolutionProperties) = preSolution
		HideSolutionNode = FALSE
	EndGlobalSection
	GlobalSection(ExtensibilityGlobals) = postSolution
		SolutionGuid = {7D05A1A4-2423-4132-B8FF-815F6DFAC97B}
	EndGlobalSection
EndGlobal
