
Microsoft Visual Studio Solution File, Format Version 12.00
# Visual Studio Version 16
VisualStudioVersion = 16.0.29230.47
MinimumVisualStudioVersion = 10.0.40219.1
Project("{FAE04EC0-301F-11D3-BF4B-00C04F79EFBC}") = "Elevator Alarm arduino", "Elevator Alarm arduino.csproj", "{6D580C02-2575-4F2D-A0DF-3B59CB210158}"
EndProject
Project("{FAE04EC0-301F-11D3-BF4B-00C04F79EFBC}") = "Arduino first try", "..\..\..\..\..\..\source\repos\Arduino first try\Arduino first try.csproj", "{E8B9F2E8-311B-4F14-8814-961B5459A66F}"
EndProject
Global
	GlobalSection(SolutionConfigurationPlatforms) = preSolution
		Debug|Any CPU = Debug|Any CPU
		Release|Any CPU = Release|Any CPU
	EndGlobalSection
	GlobalSection(ProjectConfigurationPlatforms) = postSolution
		{6D580C02-2575-4F2D-A0DF-3B59CB210158}.Debug|Any CPU.ActiveCfg = Debug|Any CPU
		{6D580C02-2575-4F2D-A0DF-3B59CB210158}.Debug|Any CPU.Build.0 = Debug|Any CPU
		{6D580C02-2575-4F2D-A0DF-3B59CB210158}.Release|Any CPU.ActiveCfg = Release|Any CPU
		{6D580C02-2575-4F2D-A0DF-3B59CB210158}.Release|Any CPU.Build.0 = Release|Any CPU
		{E8B9F2E8-311B-4F14-8814-961B5459A66F}.Debug|Any CPU.ActiveCfg = Debug|Any CPU
		{E8B9F2E8-311B-4F14-8814-961B5459A66F}.Debug|Any CPU.Build.0 = Debug|Any CPU
		{E8B9F2E8-311B-4F14-8814-961B5459A66F}.Release|Any CPU.ActiveCfg = Release|Any CPU
		{E8B9F2E8-311B-4F14-8814-961B5459A66F}.Release|Any CPU.Build.0 = Release|Any CPU
	EndGlobalSection
	GlobalSection(SolutionProperties) = preSolution
		HideSolutionNode = FALSE
	EndGlobalSection
	GlobalSection(ExtensibilityGlobals) = postSolution
		SolutionGuid = {F04CCA6B-6CAB-4AED-843F-8C6D57059551}
	EndGlobalSection
EndGlobal
